
Microsoft Visual Studio Solution File, Format Version 12.00
# Visual Studio Version 17
VisualStudioVersion = 17.14.36616.10 d17.14
MinimumVisualStudioVersion = 10.0.40219.1
Project("{FAE04EC0-301F-11D3-BF4B-00C04F79EFBC}") = "uri1001", "uri1001\uri1001.csproj", "{589753F6-E2EF-48DF-AF08-5C2933153BB2}"
EndProject
Global
	GlobalSection(SolutionConfigurationPlatforms) = preSolution
		Debug|Any CPU = Debug|Any CPU
		Release|Any CPU = Release|Any CPU
	EndGlobalSection
	GlobalSection(ProjectConfigurationPlatforms) = postSolution
		{589753F6-E2EF-48DF-AF08-5C2933153BB2}.Debug|Any CPU.ActiveCfg = Debug|Any CPU
		{589753F6-E2EF-48DF-AF08-5C2933153BB2}.Debug|Any CPU.Build.0 = Debug|Any CPU
		{589753F6-E2EF-48DF-AF08-5C2933153BB2}.Release|Any CPU.ActiveCfg = Release|Any CPU
		{589753F6-E2EF-48DF-AF08-5C2933153BB2}.Release|Any CPU.Build.0 = Release|Any CPU
	EndGlobalSection
	GlobalSection(SolutionProperties) = preSolution
		HideSolutionNode = FALSE
	EndGlobalSection
	GlobalSection(ExtensibilityGlobals) = postSolution
		SolutionGuid = {5D0194D0-57DB-4042-B9FE-14C3C2F8E7F8}
	EndGlobalSection
EndGlobal
